# @generated by Move, please check-in and do not edit manually.

[move]
version = 3
manifest_digest = "74865CCE6DC69DE9AC0464A43F3DEEF414B2FB5233F0F13F84157BC82B2037D6"
deps_digest = "52B406A7A21811BEF51751CF88DA0E76DAEFFEAC888D4F4060B1A72BBE7D8D35"
dependencies = [
  { id = "Pyth", name = "Pyth" },
  { id = "Sui", name = "Sui" },
  { id = "Wormhole", name = "Wormhole" },
  { id = "deepbook", name = "deepbook" },
  { id = "token", name = "token" },
  { id = "usdc", name = "usdc" },
]

[[move.package]]
id = "MoveStdlib"
source = { git = "https://github.com/MystenLabs/sui.git", rev = "framework/mainnet", subdir = "crates/sui-framework/packages/move-stdlib" }

[[move.package]]
id = "Pyth"
source = { git = "https://github.com/pyth-network/pyth-crosschain.git", rev = "sui-contract-mainnet", subdir = "target_chains/sui/contracts" }

dependencies = [
  { id = "Sui", name = "Sui" },
  { id = "Wormhole", name = "Wormhole" },
]

[[move.package]]
id = "Sui"
source = { git = "https://github.com/MystenLabs/sui.git", rev = "framework/mainnet", subdir = "crates/sui-framework/packages/sui-framework" }

dependencies = [
  { id = "MoveStdlib", name = "MoveStdlib" },
]

[[move.package]]
id = "Wormhole"
source = { git = "https://github.com/wormhole-foundation/wormhole.git", rev = "sui/mainnet", subdir = "sui/wormhole" }

dependencies = [
  { id = "Sui", name = "Sui" },
]

[[move.package]]
id = "deepbook"
source = { git = "https://github.com/MystenLabs/deepbookv3.git", rev = "mainnet", subdir = "packages/deepbook" }

dependencies = [
  { id = "Sui", name = "Sui" },
  { id = "token", name = "token" },
]

[[move.package]]
id = "stablecoin"
source = { git = "https://github.com/circlefin/stablecoin-sui.git", rev = "master", subdir = "packages/stablecoin" }

dependencies = [
  { id = "Sui", name = "Sui" },
  { id = "sui_extensions", name = "sui_extensions" },
]

[[move.package]]
id = "sui_extensions"
source = { git = "https://github.com/circlefin/stablecoin-sui.git", rev = "master", subdir = "packages/sui_extensions" }

dependencies = [
  { id = "Sui", name = "Sui" },
]

[[move.package]]
id = "token"
source = { git = "https://github.com/MystenLabs/deepbookv3.git", rev = "mainnet", subdir = "packages/token" }

dependencies = [
  { id = "Sui", name = "Sui" },
]

[[move.package]]
id = "usdc"
source = { git = "https://github.com/circlefin/stablecoin-sui.git", rev = "master", subdir = "packages/usdc" }

dependencies = [
  { id = "Sui", name = "Sui" },
  { id = "stablecoin", name = "stablecoin" },
  { id = "sui_extensions", name = "sui_extensions" },
]

[move.toolchain-version]
compiler-version = "1.48.1"
edition = "2024.beta"
flavor = "sui"

[env]

[env.mainnet]
chain-id = "35834a8a"
original-published-id = "0xc9e2373beeae72312cd70990736b9dd7ee7051d634c8365d4ec1028861298616"
latest-published-id = "0xc9e2373beeae72312cd70990736b9dd7ee7051d634c8365d4ec1028861298616"
published-version = "1"
