# @generated by Move, please check-in and do not edit manually.

[move]
version = 3
manifest_digest = "CD2285805C5C6A4F5B309480B876D4C099C2E02A12A3C1FEBB81E2EA175BA218"
deps_digest = "3C4103934B1E040BB6B23F1D610B4EF9F2F1166A50A104EADCF77467C004C600"
dependencies = [
  { id = "Sui", name = "Sui" },
  { id = "deepbook", name = "deepbook" },
]

[[move.package]]
id = "MoveStdlib"
source = { git = "https://github.com/MystenLabs/sui.git", rev = "framework/mainnet", subdir = "crates/sui-framework/packages/move-stdlib" }

[[move.package]]
id = "Sui"
source = { git = "https://github.com/MystenLabs/sui.git", rev = "framework/mainnet", subdir = "crates/sui-framework/packages/sui-framework" }

dependencies = [
  { id = "MoveStdlib", name = "MoveStdlib" },
]

[[move.package]]
id = "deepbook"
source = { git = "https://github.com/MystenLabs/deepbookv3", rev = "v2.0.0", subdir = "packages/deepbook" }

dependencies = [
  { id = "Sui", name = "Sui" },
  { id = "token", name = "token" },
]

[[move.package]]
id = "token"
source = { git = "https://github.com/MystenLabs/deepbookv3", rev = "v2.0.0", subdir = "packages/deepbook/../token" }

dependencies = [
  { id = "Sui", name = "Sui" },
]

[move.toolchain-version]
compiler-version = "1.48.1"
edition = "2024.beta"
flavor = "sui"

[env]

[env.mainnet]
chain-id = "35834a8a"
original-published-id = "0x249a048a22710085f4c29f99e7acf23697ec152f8265ed8dcaad909827a361fd"
latest-published-id = "0x249a048a22710085f4c29f99e7acf23697ec152f8265ed8dcaad909827a361fd"
published-version = "1"
